
Microsoft Visual Studio Solution File, Format Version 12.00
# Visual Studio 14
VisualStudioVersion = 14.0.25420.1
MinimumVisualStudioVersion = 10.0.40219.1
Project("{2150E333-8FDC-42A3-9474-1A3956D46DE8}") = "src", "src", "{E89F985D-70BB-4E87-B08F-DD504E891D0F}"
EndProject
Project("{2150E333-8FDC-42A3-9474-1A3956D46DE8}") = "Solution Items", "Solution Items", "{738E89F4-8FF4-4B37-B6A9-8378FC000D74}"
	ProjectSection(SolutionItems) = preProject
		global.json = global.json
	EndProjectSection
EndProject
Project("{8BB2217D-0F2D-49D1-97BC-3654ED321F3B}") = "ConsoleApp1", "src\ConsoleApp1\ConsoleApp1.xproj", "{DC7B3746-D055-45BB-99C3-2FB9F59CBC96}"
EndProject
Global
	GlobalSection(SolutionConfigurationPlatforms) = preSolution
		Debug|Any CPU = Debug|Any CPU
		Release|Any CPU = Release|Any CPU
	EndGlobalSection
	GlobalSection(ProjectConfigurationPlatforms) = postSolution
		{DC7B3746-D055-45BB-99C3-2FB9F59CBC96}.Debug|Any CPU.ActiveCfg = Debug|Any CPU
		{DC7B3746-D055-45BB-99C3-2FB9F59CBC96}.Debug|Any CPU.Build.0 = Debug|Any CPU
		{DC7B3746-D055-45BB-99C3-2FB9F59CBC96}.Release|Any CPU.ActiveCfg = Release|Any CPU
		{DC7B3746-D055-45BB-99C3-2FB9F59CBC96}.Release|Any CPU.Build.0 = Release|Any CPU
	EndGlobalSection
	GlobalSection(SolutionProperties) = preSolution
		HideSolutionNode = FALSE
	EndGlobalSection
	GlobalSection(NestedProjects) = preSolution
		{DC7B3746-D055-45BB-99C3-2FB9F59CBC96} = {E89F985D-70BB-4E87-B08F-DD504E891D0F}
	EndGlobalSection
EndGlobal
